
Microsoft Visual Studio Solution File, Format Version 12.00
# Visual Studio Version 17
VisualStudioVersion = 17.11.35312.102
MinimumVisualStudioVersion = 10.0.40219.1
Project("{FAE04EC0-301F-11D3-BF4B-00C04F79EFBC}") = "СавинаУП", "СавинаУП\СавинаУП.csproj", "{833A397E-1912-427B-8A5F-EC3E72FFBF05}"
EndProject
Project("{FAE04EC0-301F-11D3-BF4B-00C04F79EFBC}") = "UnitTestProject1", "UnitTestProject1\UnitTestProject1.csproj", "{BBE6A276-273B-45B8-90B5-19EBAFF89891}"
EndProject
Project("{FAE04EC0-301F-11D3-BF4B-00C04F79EFBC}") = "ClassLibrary1", "ClassLibrary1\ClassLibrary1.csproj", "{3EEE9F5F-7FCA-4E23-9EBB-C9B88267C80E}"
EndProject
Global
	GlobalSection(SolutionConfigurationPlatforms) = preSolution
		Debug|Any CPU = Debug|Any CPU
		Release|Any CPU = Release|Any CPU
	EndGlobalSection
	GlobalSection(ProjectConfigurationPlatforms) = postSolution
		{833A397E-1912-427B-8A5F-EC3E72FFBF05}.Debug|Any CPU.ActiveCfg = Debug|Any CPU
		{833A397E-1912-427B-8A5F-EC3E72FFBF05}.Debug|Any CPU.Build.0 = Debug|Any CPU
		{833A397E-1912-427B-8A5F-EC3E72FFBF05}.Release|Any CPU.ActiveCfg = Release|Any CPU
		{833A397E-1912-427B-8A5F-EC3E72FFBF05}.Release|Any CPU.Build.0 = Release|Any CPU
		{BBE6A276-273B-45B8-90B5-19EBAFF89891}.Debug|Any CPU.ActiveCfg = Debug|Any CPU
		{BBE6A276-273B-45B8-90B5-19EBAFF89891}.Debug|Any CPU.Build.0 = Debug|Any CPU
		{BBE6A276-273B-45B8-90B5-19EBAFF89891}.Release|Any CPU.ActiveCfg = Release|Any CPU
		{BBE6A276-273B-45B8-90B5-19EBAFF89891}.Release|Any CPU.Build.0 = Release|Any CPU
		{3EEE9F5F-7FCA-4E23-9EBB-C9B88267C80E}.Debug|Any CPU.ActiveCfg = Debug|Any CPU
		{3EEE9F5F-7FCA-4E23-9EBB-C9B88267C80E}.Debug|Any CPU.Build.0 = Debug|Any CPU
		{3EEE9F5F-7FCA-4E23-9EBB-C9B88267C80E}.Release|Any CPU.ActiveCfg = Release|Any CPU
		{3EEE9F5F-7FCA-4E23-9EBB-C9B88267C80E}.Release|Any CPU.Build.0 = Release|Any CPU
	EndGlobalSection
	GlobalSection(SolutionProperties) = preSolution
		HideSolutionNode = FALSE
	EndGlobalSection
	GlobalSection(ExtensibilityGlobals) = postSolution
		SolutionGuid = {C6B5C265-8566-4765-8BB4-D30D22CF8ECD}
	EndGlobalSection
EndGlobal
